
Microsoft Visual Studio Solution File, Format Version 12.00
# Visual Studio Version 16
VisualStudioVersion = 16.0.32002.261
MinimumVisualStudioVersion = 10.0.40219.1
Project("{9A19103F-16F7-4668-BE54-9A1E7A4F7556}") = "ShoppingListApp", "ShoppingListApp\ShoppingListApp.csproj", "{C0B20B95-6CB8-4082-8CB4-FB3F84CE7DDC}"
EndProject
Project("{9A19103F-16F7-4668-BE54-9A1E7A4F7556}") = "ShoppingList.Model", "ShoppingList.Model\ShoppingList.Model.csproj", "{E0A6460E-1A95-4529-8117-B92D1F1B6234}"
EndProject
Project("{2150E333-8FDC-42A3-9474-1A3956D46DE8}") = "Test", "Test", "{EED0B9D6-4BA5-4F3C-BFD7-328F522BE054}"
EndProject
Project("{9A19103F-16F7-4668-BE54-9A1E7A4F7556}") = "ShoppingList.Model.Test", "Test\ShoppingList.Model.Test\ShoppingList.Model.Test.csproj", "{F3A58F36-7E41-4F33-ABCC-C89C9435B1E8}"
EndProject
Project("{FAE04EC0-301F-11D3-BF4B-00C04F79EFBC}") = "ShoppingList.API", "ShoppingList.API\ShoppingList.API.csproj", "{67FF805F-ED52-4434-9F42-CDEA5C2F9C83}"
EndProject
Project("{FAE04EC0-301F-11D3-BF4B-00C04F79EFBC}") = "ShoppingList.Data", "ShoppingList.Data\ShoppingList.Data.csproj", "{BA7F4CA6-FD22-4732-9D4A-243DF95E8D1A}"
EndProject
Global
	GlobalSection(SolutionConfigurationPlatforms) = preSolution
		Debug|Any CPU = Debug|Any CPU
		Release|Any CPU = Release|Any CPU
	EndGlobalSection
	GlobalSection(ProjectConfigurationPlatforms) = postSolution
		{C0B20B95-6CB8-4082-8CB4-FB3F84CE7DDC}.Debug|Any CPU.ActiveCfg = Debug|Any CPU
		{C0B20B95-6CB8-4082-8CB4-FB3F84CE7DDC}.Debug|Any CPU.Build.0 = Debug|Any CPU
		{C0B20B95-6CB8-4082-8CB4-FB3F84CE7DDC}.Release|Any CPU.ActiveCfg = Release|Any CPU
		{C0B20B95-6CB8-4082-8CB4-FB3F84CE7DDC}.Release|Any CPU.Build.0 = Release|Any CPU
		{E0A6460E-1A95-4529-8117-B92D1F1B6234}.Debug|Any CPU.ActiveCfg = Debug|Any CPU
		{E0A6460E-1A95-4529-8117-B92D1F1B6234}.Debug|Any CPU.Build.0 = Debug|Any CPU
		{E0A6460E-1A95-4529-8117-B92D1F1B6234}.Release|Any CPU.ActiveCfg = Release|Any CPU
		{E0A6460E-1A95-4529-8117-B92D1F1B6234}.Release|Any CPU.Build.0 = Release|Any CPU
		{F3A58F36-7E41-4F33-ABCC-C89C9435B1E8}.Debug|Any CPU.ActiveCfg = Debug|Any CPU
		{F3A58F36-7E41-4F33-ABCC-C89C9435B1E8}.Debug|Any CPU.Build.0 = Debug|Any CPU
		{F3A58F36-7E41-4F33-ABCC-C89C9435B1E8}.Release|Any CPU.ActiveCfg = Release|Any CPU
		{F3A58F36-7E41-4F33-ABCC-C89C9435B1E8}.Release|Any CPU.Build.0 = Release|Any CPU
		{67FF805F-ED52-4434-9F42-CDEA5C2F9C83}.Debug|Any CPU.ActiveCfg = Debug|Any CPU
		{67FF805F-ED52-4434-9F42-CDEA5C2F9C83}.Debug|Any CPU.Build.0 = Debug|Any CPU
		{67FF805F-ED52-4434-9F42-CDEA5C2F9C83}.Release|Any CPU.ActiveCfg = Release|Any CPU
		{67FF805F-ED52-4434-9F42-CDEA5C2F9C83}.Release|Any CPU.Build.0 = Release|Any CPU
		{BA7F4CA6-FD22-4732-9D4A-243DF95E8D1A}.Debug|Any CPU.ActiveCfg = Debug|Any CPU
		{BA7F4CA6-FD22-4732-9D4A-243DF95E8D1A}.Debug|Any CPU.Build.0 = Debug|Any CPU
		{BA7F4CA6-FD22-4732-9D4A-243DF95E8D1A}.Release|Any CPU.ActiveCfg = Release|Any CPU
		{BA7F4CA6-FD22-4732-9D4A-243DF95E8D1A}.Release|Any CPU.Build.0 = Release|Any CPU
	EndGlobalSection
	GlobalSection(SolutionProperties) = preSolution
		HideSolutionNode = FALSE
	EndGlobalSection
	GlobalSection(NestedProjects) = preSolution
		{F3A58F36-7E41-4F33-ABCC-C89C9435B1E8} = {EED0B9D6-4BA5-4F3C-BFD7-328F522BE054}
	EndGlobalSection
	GlobalSection(ExtensibilityGlobals) = postSolution
		SolutionGuid = {0393D0AB-03B8-48C3-AE09-FB073DDD49AD}
	EndGlobalSection
EndGlobal
